
Microsoft Visual Studio Solution File, Format Version 12.00
# Visual Studio Version 17
VisualStudioVersion = 17.6.33626.354
MinimumVisualStudioVersion = 10.0.40219.1
Project("{9A19103F-16F7-4668-BE54-9A1E7A4F7556}") = "ExpensesReport.Web", "ExpensesReport.Web\ExpensesReport.Web.csproj", "{01090A2A-A179-45A3-BEA7-7E2E8EBF2CDF}"
EndProject
Project("{9A19103F-16F7-4668-BE54-9A1E7A4F7556}") = "ExpensesReport.Data", "ExpensesReport.Data\ExpensesReport.Data.csproj", "{35248895-2B19-4A27-80E7-532A5EB57A5B}"
EndProject
Project("{2150E333-8FDC-42A3-9474-1A3956D46DE8}") = "Solution Items", "Solution Items", "{8FE453C6-1E6C-45FF-9C3C-C0D9F56C4F35}"
	ProjectSection(SolutionItems) = preProject
		.editorconfig = .editorconfig
	EndProjectSection
EndProject
Global
	GlobalSection(SolutionConfigurationPlatforms) = preSolution
		Debug|Any CPU = Debug|Any CPU
		Release|Any CPU = Release|Any CPU
	EndGlobalSection
	GlobalSection(ProjectConfigurationPlatforms) = postSolution
		{01090A2A-A179-45A3-BEA7-7E2E8EBF2CDF}.Debug|Any CPU.ActiveCfg = Debug|Any CPU
		{01090A2A-A179-45A3-BEA7-7E2E8EBF2CDF}.Debug|Any CPU.Build.0 = Debug|Any CPU
		{01090A2A-A179-45A3-BEA7-7E2E8EBF2CDF}.Release|Any CPU.ActiveCfg = Release|Any CPU
		{01090A2A-A179-45A3-BEA7-7E2E8EBF2CDF}.Release|Any CPU.Build.0 = Release|Any CPU
		{35248895-2B19-4A27-80E7-532A5EB57A5B}.Debug|Any CPU.ActiveCfg = Debug|Any CPU
		{35248895-2B19-4A27-80E7-532A5EB57A5B}.Debug|Any CPU.Build.0 = Debug|Any CPU
		{35248895-2B19-4A27-80E7-532A5EB57A5B}.Release|Any CPU.ActiveCfg = Release|Any CPU
		{35248895-2B19-4A27-80E7-532A5EB57A5B}.Release|Any CPU.Build.0 = Release|Any CPU
	EndGlobalSection
	GlobalSection(SolutionProperties) = preSolution
		HideSolutionNode = FALSE
	EndGlobalSection
	GlobalSection(ExtensibilityGlobals) = postSolution
		SolutionGuid = {A1A4430D-E3CB-4A54-B9F9-7D398580D35C}
	EndGlobalSection
EndGlobal
